
Microsoft Visual Studio Solution File, Format Version 12.00
# Visual Studio 15
VisualStudioVersion = 15.0.28307.271
MinimumVisualStudioVersion = 10.0.40219.1
Project("{FAE04EC0-301F-11D3-BF4B-00C04F79EFBC}") = "AppleCatcher", "AppleCatcher\AppleCatcher.csproj", "{039E81DE-4405-443F-8D64-03E6DF4B5425}"
EndProject
Global
	GlobalSection(SolutionConfigurationPlatforms) = preSolution
		Debug|x86 = Debug|x86
		Release|x86 = Release|x86
	EndGlobalSection
	GlobalSection(ProjectConfigurationPlatforms) = postSolution
		{039E81DE-4405-443F-8D64-03E6DF4B5425}.Debug|x86.ActiveCfg = Debug|x86
		{039E81DE-4405-443F-8D64-03E6DF4B5425}.Debug|x86.Build.0 = Debug|x86
		{039E81DE-4405-443F-8D64-03E6DF4B5425}.Release|x86.ActiveCfg = Release|x86
		{039E81DE-4405-443F-8D64-03E6DF4B5425}.Release|x86.Build.0 = Release|x86
	EndGlobalSection
	GlobalSection(SolutionProperties) = preSolution
		HideSolutionNode = FALSE
	EndGlobalSection
	GlobalSection(ExtensibilityGlobals) = postSolution
		SolutionGuid = {AA89C1E7-490F-49F8-A6A3-392D6F52FB6C}
	EndGlobalSection
EndGlobal
